
Microsoft Visual Studio Solution File, Format Version 12.00
# Visual Studio 15
Project("{FAE04EC0-301F-11D3-BF4B-00C04F79EFBC}") = "Assembly-CSharp", "Assembly-CSharp.csproj", "{D4958400-8B2B-60BA-73CA-E7F1F3534990}"
EndProject
Project("{FAE04EC0-301F-11D3-BF4B-00C04F79EFBC}") = "VuforiaScripts", "VuforiaScripts.csproj", "{40E17628-39E5-968B-3020-ED7EFCD3163E}"
EndProject
Project("{FAE04EC0-301F-11D3-BF4B-00C04F79EFBC}") = "Assembly-CSharp-Editor", "Assembly-CSharp-Editor.csproj", "{CE9792D7-899A-2F9B-7033-3FF0E6037F07}"
EndProject
Project("{FAE04EC0-301F-11D3-BF4B-00C04F79EFBC}") = "VuforiaEditorScripts", "VuforiaEditorScripts.csproj", "{2ACD282E-8594-339F-5BCD-2658093D661C}"
EndProject
Global
	GlobalSection(SolutionConfigurationPlatforms) = preSolution
		Debug|Any CPU = Debug|Any CPU
		Release|Any CPU = Release|Any CPU
	EndGlobalSection
	GlobalSection(ProjectConfigurationPlatforms) = postSolution
		{D4958400-8B2B-60BA-73CA-E7F1F3534990}.Debug|Any CPU.ActiveCfg = Debug|Any CPU
		{D4958400-8B2B-60BA-73CA-E7F1F3534990}.Debug|Any CPU.Build.0 = Debug|Any CPU
		{D4958400-8B2B-60BA-73CA-E7F1F3534990}.Release|Any CPU.ActiveCfg = Release|Any CPU
		{D4958400-8B2B-60BA-73CA-E7F1F3534990}.Release|Any CPU.Build.0 = Release|Any CPU
		{40E17628-39E5-968B-3020-ED7EFCD3163E}.Debug|Any CPU.ActiveCfg = Debug|Any CPU
		{40E17628-39E5-968B-3020-ED7EFCD3163E}.Debug|Any CPU.Build.0 = Debug|Any CPU
		{40E17628-39E5-968B-3020-ED7EFCD3163E}.Release|Any CPU.ActiveCfg = Release|Any CPU
		{40E17628-39E5-968B-3020-ED7EFCD3163E}.Release|Any CPU.Build.0 = Release|Any CPU
		{CE9792D7-899A-2F9B-7033-3FF0E6037F07}.Debug|Any CPU.ActiveCfg = Debug|Any CPU
		{CE9792D7-899A-2F9B-7033-3FF0E6037F07}.Debug|Any CPU.Build.0 = Debug|Any CPU
		{CE9792D7-899A-2F9B-7033-3FF0E6037F07}.Release|Any CPU.ActiveCfg = Release|Any CPU
		{CE9792D7-899A-2F9B-7033-3FF0E6037F07}.Release|Any CPU.Build.0 = Release|Any CPU
		{2ACD282E-8594-339F-5BCD-2658093D661C}.Debug|Any CPU.ActiveCfg = Debug|Any CPU
		{2ACD282E-8594-339F-5BCD-2658093D661C}.Debug|Any CPU.Build.0 = Debug|Any CPU
		{2ACD282E-8594-339F-5BCD-2658093D661C}.Release|Any CPU.ActiveCfg = Release|Any CPU
		{2ACD282E-8594-339F-5BCD-2658093D661C}.Release|Any CPU.Build.0 = Release|Any CPU
	EndGlobalSection
	GlobalSection(SolutionProperties) = preSolution
		HideSolutionNode = FALSE
	EndGlobalSection
EndGlobal
